
Microsoft Visual Studio Solution File, Format Version 12.00
# Visual Studio 15
Project("{FAE04EC0-301F-11D3-BF4B-00C04F79EFBC}") = "Assembly-CSharp", "Assembly-CSharp.csproj", "{A84E4AFA-D00D-D1D4-2C3C-01DA10F4E813}"
EndProject
Global
	GlobalSection(SolutionConfigurationPlatforms) = preSolution
		Debug|Any CPU = Debug|Any CPU
		Release|Any CPU = Release|Any CPU
	EndGlobalSection
	GlobalSection(ProjectConfigurationPlatforms) = postSolution
		{A84E4AFA-D00D-D1D4-2C3C-01DA10F4E813}.Debug|Any CPU.ActiveCfg = Debug|Any CPU
		{A84E4AFA-D00D-D1D4-2C3C-01DA10F4E813}.Debug|Any CPU.Build.0 = Debug|Any CPU
		{A84E4AFA-D00D-D1D4-2C3C-01DA10F4E813}.Release|Any CPU.ActiveCfg = Release|Any CPU
		{A84E4AFA-D00D-D1D4-2C3C-01DA10F4E813}.Release|Any CPU.Build.0 = Release|Any CPU
	EndGlobalSection
	GlobalSection(SolutionProperties) = preSolution
		HideSolutionNode = FALSE
	EndGlobalSection
EndGlobal
